{
	"name": "rigid2",
	"version": "1.0.0",
	"lockfileVersion": 3,
	"requires": true,
	"packages": {
		"": {
			"name": "rigid2",
			"version": "1.0.0",
			"license": "ISC",
			"dependencies": {
				"@gandolphinnn/graphics2": "^1.0.3"
			}
		},
		"node_modules/@gandolphinnn/graphics2": {
			"version": "1.0.3",
			"resolved": "https://registry.npmjs.org/@gandolphinnn/graphics2/-/graphics2-1.0.3.tgz",
			"integrity": "sha512-bPN6vmw6ec6tODNf2z8kLuM+n/4uLvmdCzB91/+0Dv+DHsmQxmVy+atbXG67TJTLzGKxC4JtyDpT4Z2Iw5LipQ=="
		}
	}
}
